
Microsoft Visual Studio Solution File, Format Version 12.00
# Visual Studio 15
VisualStudioVersion = 15.0.27004.2005
MinimumVisualStudioVersion = 10.0.40219.1
Project("{8BC9CEB8-8B4A-11D0-8D11-00A0C91BC942}") = "AtCoder_Beginner_033_A", "AtCoder_Beginner_033_A\AtCoder_Beginner_033_A.vcxproj", "{5304B529-1650-4102-8E18-2D85DDE70AE5}"
EndProject
Global
	GlobalSection(SolutionConfigurationPlatforms) = preSolution
		Debug|x64 = Debug|x64
		Debug|x86 = Debug|x86
		Release|x64 = Release|x64
		Release|x86 = Release|x86
	EndGlobalSection
	GlobalSection(ProjectConfigurationPlatforms) = postSolution
		{5304B529-1650-4102-8E18-2D85DDE70AE5}.Debug|x64.ActiveCfg = Debug|x64
		{5304B529-1650-4102-8E18-2D85DDE70AE5}.Debug|x64.Build.0 = Debug|x64
		{5304B529-1650-4102-8E18-2D85DDE70AE5}.Debug|x86.ActiveCfg = Debug|Win32
		{5304B529-1650-4102-8E18-2D85DDE70AE5}.Debug|x86.Build.0 = Debug|Win32
		{5304B529-1650-4102-8E18-2D85DDE70AE5}.Release|x64.ActiveCfg = Release|x64
		{5304B529-1650-4102-8E18-2D85DDE70AE5}.Release|x64.Build.0 = Release|x64
		{5304B529-1650-4102-8E18-2D85DDE70AE5}.Release|x86.ActiveCfg = Release|Win32
		{5304B529-1650-4102-8E18-2D85DDE70AE5}.Release|x86.Build.0 = Release|Win32
	EndGlobalSection
	GlobalSection(SolutionProperties) = preSolution
		HideSolutionNode = FALSE
	EndGlobalSection
	GlobalSection(ExtensibilityGlobals) = postSolution
		SolutionGuid = {244A971F-109F-442F-A93D-633D7846BB5E}
	EndGlobalSection
EndGlobal
